
Microsoft Visual Studio Solution File, Format Version 12.00
# RemObjects Fire
Project("{656346D9-4656-40DA-A068-22D5425D4639}") = "org.me.androidswiftapplication", "org.me.androidswiftapplication.elements", "{82F592FE-B63A-48B3-A73B-E02F2CB56509}"
EndProject
Global
	GlobalSection(SolutionConfigurationPlatforms) = preSolution
		Debug|AnyCPU = Debug|AnyCPU
		Release|AnyCPU = Release|AnyCPU
	EndGlobalSection
	GlobalSection(ProjectConfigurationPlatforms) = postSolution
		{82F592FE-B63A-48B3-A73B-E02F2CB56509}.Debug|AnyCPU.ActiveCfg = Debug|AnyCPU
		{82F592FE-B63A-48B3-A73B-E02F2CB56509}.Debug|AnyCPU.Build.0 = Debug|AnyCPU
		{82F592FE-B63A-48B3-A73B-E02F2CB56509}.Release|AnyCPU.ActiveCfg = Release|AnyCPU
		{82F592FE-B63A-48B3-A73B-E02F2CB56509}.Release|AnyCPU.Build.0 = Release|AnyCPU
	EndGlobalSection
	GlobalSection(SolutionProperties) = preSolution
		HideSolutionNode = FALSE
	EndGlobalSection
EndGlobal